
Microsoft Visual Studio Solution File, Format Version 12.00
# Visual Studio Version 17
VisualStudioVersion = 17.11.35219.272
MinimumVisualStudioVersion = 10.0.40219.1
Project("{FAE04EC0-301F-11D3-BF4B-00C04F79EFBC}") = "Server", "TCPTask2\Server.csproj", "{6EAFFD61-A48F-4181-B71E-F55EDCD23794}"
EndProject
Project("{FAE04EC0-301F-11D3-BF4B-00C04F79EFBC}") = "Client", "Client\Client.csproj", "{B7174F0B-ABE5-4599-8B65-B97DFE53D5EA}"
EndProject
Global
	GlobalSection(SolutionConfigurationPlatforms) = preSolution
		Debug|Any CPU = Debug|Any CPU
		Release|Any CPU = Release|Any CPU
	EndGlobalSection
	GlobalSection(ProjectConfigurationPlatforms) = postSolution
		{6EAFFD61-A48F-4181-B71E-F55EDCD23794}.Debug|Any CPU.ActiveCfg = Debug|Any CPU
		{6EAFFD61-A48F-4181-B71E-F55EDCD23794}.Debug|Any CPU.Build.0 = Debug|Any CPU
		{6EAFFD61-A48F-4181-B71E-F55EDCD23794}.Release|Any CPU.ActiveCfg = Release|Any CPU
		{6EAFFD61-A48F-4181-B71E-F55EDCD23794}.Release|Any CPU.Build.0 = Release|Any CPU
		{B7174F0B-ABE5-4599-8B65-B97DFE53D5EA}.Debug|Any CPU.ActiveCfg = Debug|Any CPU
		{B7174F0B-ABE5-4599-8B65-B97DFE53D5EA}.Debug|Any CPU.Build.0 = Debug|Any CPU
		{B7174F0B-ABE5-4599-8B65-B97DFE53D5EA}.Release|Any CPU.ActiveCfg = Release|Any CPU
		{B7174F0B-ABE5-4599-8B65-B97DFE53D5EA}.Release|Any CPU.Build.0 = Release|Any CPU
	EndGlobalSection
	GlobalSection(SolutionProperties) = preSolution
		HideSolutionNode = FALSE
	EndGlobalSection
	GlobalSection(ExtensibilityGlobals) = postSolution
		SolutionGuid = {DDDDC2AE-D207-4686-9FD5-8781655D2FD7}
	EndGlobalSection
EndGlobal
